<?xml version="1.0" encoding="utf-8"?>
<Project ToolsVersion="4.0" xmlns="http://schemas.microsoft.com/developer/msbuild/2003">
  <ItemGroup>
    <ClCompile Include="CCfgItem.cpp" />
    <ClCompile Include="config.cpp" />
    <ClCompile Include="config-defaults.cpp" />
    <ClCompile Include="CTextureItem.cpp" />
    <ClCompile Include="effect-beziercube.cpp" />
    <ClCompile Include="effect-blank.cpp" />
    <ClCompile Include="effect-bumpmapping.cpp" />
    <ClCompile Include="effect-collapsinglightsphere.cpp" />
    <ClCompile Include="effect-distortion1.cpp" />
    <ClCompile Include="effect-distortion2.cpp" />
    <ClCompile Include="effect-dotstar.cpp" />
    <ClCompile Include="effect-flowmap.cpp" />
    <ClCompile Include="effect-lightring.cpp" />
    <ClCompile Include="effect-lightsphere.cpp" />
    <ClCompile Include="effect-lightstar.cpp" />
    <ClCompile Include="effect-lighttentacles.cpp" />
    <ClCompile Include="effect-morphingsphere.cpp" />
    <ClCompile Include="effect-motionblur1.cpp" />
    <ClCompile Include="effect-motionblur2.cpp" />
    <ClCompile Include="effect-motionblur3.cpp" />
    <ClCompile Include="effect-phased.cpp" />
    <ClCompile Include="effect-rings.cpp" />
    <ClCompile Include="effect-spectrum.cpp" />
    <ClCompile Include="effect-sun.cpp" />
    <ClCompile Include="effect-tube.cpp" />
    <ClCompile Include="effect-tunnel.cpp" />
    <ClCompile Include="effect-waterglobe.cpp" />
    <ClCompile Include="error.cpp" />
    <ClCompile Include="general.cpp" />
    <ClCompile Include="main.cpp" />
    <ClCompile Include="Misc.cpp" />
    <ClCompile Include="StdAfx.cpp" />
    <ClCompile Include="TextureData.cpp" />
    <ClCompile Include="xbmc.cpp" />
    <ClCompile Include="ZAudio.cpp" />
    <ClCompile Include="ZBezier.cpp" />
    <ClCompile Include="ZCamera.cpp" />
    <ClCompile Include="ZDirect3d.cpp" />
    <ClCompile Include="ZEffect.cpp" />
    <ClCompile Include="ZFft.cpp" />
    <ClCompile Include="ZGrid.cpp" />
    <ClCompile Include="ZMatrix.cpp" />
    <ClCompile Include="ZObject.cpp" />
    <ClCompile Include="ZObject-Clip.cpp" />
    <ClCompile Include="ZObject-Primitives.cpp" />
    <ClCompile Include="ZPaletteCanvas.cpp" />
    <ClCompile Include="ZSpriteBuffer.cpp" />
    <ClCompile Include="ZTexture.cpp" />
    <ClCompile Include="ZTextureFont.cpp" />
    <ClCompile Include="ZTripex.cpp" />
    <ClCompile Include="ZVector.cpp" />
  </ItemGroup>
  <ItemGroup>
    <ClInclude Include="CCfgItem.h" />
    <ClInclude Include="config.h" />
    <ClInclude Include="config-defaults.h" />
    <ClInclude Include="CTextureItem.h" />
    <ClInclude Include="effect.h" />
    <ClInclude Include="error.h" />
    <ClInclude Include="general.h" />
    <ClInclude Include="main.h" />
    <ClInclude Include="Misc.h" />
    <ClInclude Include="star.h" />
    <ClInclude Include="StdAfx.h" />
    <ClInclude Include="TextureData.h" />
    <ClInclude Include="xbmc.h" />
    <ClInclude Include="ZArray.h" />
    <ClInclude Include="ZAudio.h" />
    <ClInclude Include="ZBezier.h" />
    <ClInclude Include="ZCamera.h" />
    <ClInclude Include="ZColour.h" />
    <ClInclude Include="ZColourHSV.h" />
    <ClInclude Include="ZDirect3d.h" />
    <ClInclude Include="ZEdge.h" />
    <ClInclude Include="ZEffect.h" />
    <ClInclude Include="ZFace.h" />
    <ClInclude Include="ZFft.h" />
    <ClInclude Include="ZGrid.h" />
    <ClInclude Include="ZMatrix.h" />
    <ClInclude Include="ZObject.h" />
    <ClInclude Include="ZPalette.h" />
    <ClInclude Include="ZPaletteCanvas.h" />
    <ClInclude Include="ZPoint.h" />
    <ClInclude Include="ZPtr.h" />
    <ClInclude Include="ZRect.h" />
    <ClInclude Include="ZSpriteBuffer.h" />
    <ClInclude Include="ZTexture.h" />
    <ClInclude Include="ZTextureFont.h" />
    <ClInclude Include="ZTripex.h" />
    <ClInclude Include="ZVector.h" />
  </ItemGroup>
  <ItemGroup>
    <None Include="ZFft.inl" />
    <None Include="ZMatrix.inl" />
    <None Include="ZVector.inl" />
    <None Include="packages.config" />
  </ItemGroup>
</Project>